{
  "originHash" : "e8a420afe493878c6be93d1d7a34e790177caa36f13e1a9bdadb24a901e97d33",
  "pins" : [
    {
      "identity" : "swift-promise",
      "kind" : "remoteSourceControl",
      "location" : "https://github.com/sutext/swift-promise",
      "state" : {
        "revision" : "a40b8d605aa55c74ec1631daad7a59a5ce5fb075",
        "version" : "2.0.2"
      }
    }
  ],
  "version" : 3
}
