{
  "originHash" : "954cb1cc7a520d994abacbb5ce788359d0524bdb5b518672e74c3c7499b9dd58",
  "pins" : [
    {
      "identity" : "swift-promise",
      "kind" : "remoteSourceControl",
      "location" : "https://github.com/sutext/swift-promise",
      "state" : {
        "revision" : "553a174fa9b482177f5e8f3737952aecde061c66",
        "version" : "2.0.0"
      }
    }
  ],
  "version" : 3
}
